
Microsoft Visual Studio Solution File, Format Version 12.00
# Visual Studio 14
VisualStudioVersion = 14.0.25420.1
MinimumVisualStudioVersion = 10.0.40219.1
Project("{FAE04EC0-301F-11D3-BF4B-00C04F79EFBC}") = "MonsterApp.dataAccess", "MonsterApp.dataAccess\MonsterApp.dataAccess.csproj", "{D41657F0-EC15-41BA-8733-FC6B7C7774F7}"
EndProject
Project("{FAE04EC0-301F-11D3-BF4B-00C04F79EFBC}") = "MonsterApp.Tests", "MonsterApp.Tests\MonsterApp.Tests.csproj", "{049021D5-9DC8-44A9-87DC-F51A973CA70D}"
EndProject
Project("{FAE04EC0-301F-11D3-BF4B-00C04F79EFBC}") = "Monster.App.DataClient", "Monster.App.DataAcess\Monster.App.DataClient.csproj", "{005F6117-71B3-44CD-A7BE-E2A60AA5310D}"
EndProject
Global
	GlobalSection(SolutionConfigurationPlatforms) = preSolution
		Debug|Any CPU = Debug|Any CPU
		Release|Any CPU = Release|Any CPU
	EndGlobalSection
	GlobalSection(ProjectConfigurationPlatforms) = postSolution
		{D41657F0-EC15-41BA-8733-FC6B7C7774F7}.Debug|Any CPU.ActiveCfg = Debug|Any CPU
		{D41657F0-EC15-41BA-8733-FC6B7C7774F7}.Debug|Any CPU.Build.0 = Debug|Any CPU
		{D41657F0-EC15-41BA-8733-FC6B7C7774F7}.Release|Any CPU.ActiveCfg = Release|Any CPU
		{D41657F0-EC15-41BA-8733-FC6B7C7774F7}.Release|Any CPU.Build.0 = Release|Any CPU
		{049021D5-9DC8-44A9-87DC-F51A973CA70D}.Debug|Any CPU.ActiveCfg = Debug|Any CPU
		{049021D5-9DC8-44A9-87DC-F51A973CA70D}.Debug|Any CPU.Build.0 = Debug|Any CPU
		{049021D5-9DC8-44A9-87DC-F51A973CA70D}.Release|Any CPU.ActiveCfg = Release|Any CPU
		{049021D5-9DC8-44A9-87DC-F51A973CA70D}.Release|Any CPU.Build.0 = Release|Any CPU
		{005F6117-71B3-44CD-A7BE-E2A60AA5310D}.Debug|Any CPU.ActiveCfg = Debug|Any CPU
		{005F6117-71B3-44CD-A7BE-E2A60AA5310D}.Debug|Any CPU.Build.0 = Debug|Any CPU
		{005F6117-71B3-44CD-A7BE-E2A60AA5310D}.Release|Any CPU.ActiveCfg = Release|Any CPU
		{005F6117-71B3-44CD-A7BE-E2A60AA5310D}.Release|Any CPU.Build.0 = Release|Any CPU
	EndGlobalSection
	GlobalSection(SolutionProperties) = preSolution
		HideSolutionNode = FALSE
	EndGlobalSection
EndGlobal
